
Microsoft Visual Studio Solution File, Format Version 12.00
# Visual Studio Version 17
VisualStudioVersion = 17.8.34322.80
MinimumVisualStudioVersion = 10.0.40219.1
Project("{2150E333-8FDC-42A3-9474-1A3956D46DE8}") = "Src", "Src", "{3FC75CD5-8137-4BC2-AF6B-2AE8DE16D8B1}"
EndProject
Project("{9A19103F-16F7-4668-BE54-9A1E7A4F7556}") = "Apexa.AdvisorApp.Infrastructure", "src\Infrastructure\Apexa.AdvisorApp.Infrastructure.csproj", "{E201DFAD-B3D7-4E5D-BBD2-34CBC507D8E6}"
EndProject
Project("{2150E333-8FDC-42A3-9474-1A3956D46DE8}") = "Core", "Core", "{91F79687-C464-422B-A732-5C8DA4D7CBB4}"
EndProject
Project("{2150E333-8FDC-42A3-9474-1A3956D46DE8}") = "Presentation", "Presentation", "{6FB8E312-3B21-4F25-A0AA-22CBDC90B428}"
EndProject
Project("{9A19103F-16F7-4668-BE54-9A1E7A4F7556}") = "Apexa.AdvisorApp.Application", "src\Core\Apexa.AdvisorApp.Application\Apexa.AdvisorApp.Application.csproj", "{57B07B02-2CC9-4863-8E75-089754E0A349}"
EndProject
Project("{9A19103F-16F7-4668-BE54-9A1E7A4F7556}") = "Apexa.AdvisorApp.Domain", "src\Core\Apexa.AdvisorApp.Domain\Apexa.AdvisorApp.Domain.csproj", "{827009BE-5C08-4D75-A678-FD007E7715E7}"
EndProject
Project("{9A19103F-16F7-4668-BE54-9A1E7A4F7556}") = "Apexa.AdvisorApp.WebApi", "src\Presentation\Apexa.AdvisorApp.WebApi\Apexa.AdvisorApp.WebApi.csproj", "{70F63EB2-A5AE-4E53-A999-B35739F4FBD9}"
EndProject
Project("{9A19103F-16F7-4668-BE54-9A1E7A4F7556}") = "Apexa.AdvisorApp.Contracts", "src\Presentation\Apexa.AdvisorApp.Contracts\Apexa.AdvisorApp.Contracts.csproj", "{F12B9A50-8C78-4366-AFAE-6A239A670837}"
EndProject
Project("{2150E333-8FDC-42A3-9474-1A3956D46DE8}") = "Tests", "Tests", "{C23A1373-6620-47D0-81C7-FD7D95CE31F8}"
EndProject
Project("{2150E333-8FDC-42A3-9474-1A3956D46DE8}") = "Integration", "Integration", "{07205C0E-4A25-4411-BED8-6D781873ACFD}"
EndProject
Project("{2150E333-8FDC-42A3-9474-1A3956D46DE8}") = "UnitTests", "UnitTests", "{5661C2AD-A9E9-4708-B4DB-D1F780ED5144}"
EndProject
Project("{2150E333-8FDC-42A3-9474-1A3956D46DE8}") = "Lib", "Lib", "{5068B48C-C71B-49CE-B540-3582F71F5D25}"
EndProject
Project("{2150E333-8FDC-42A3-9474-1A3956D46DE8}") = "Src", "Src", "{8C0D0117-4CA3-4167-8C0F-5F79F8345037}"
EndProject
Project("{2150E333-8FDC-42A3-9474-1A3956D46DE8}") = "Tests", "Tests", "{182B1B49-924A-4222-9CFE-ED054E0EB46B}"
EndProject
Project("{9A19103F-16F7-4668-BE54-9A1E7A4F7556}") = "Apexa.Lib.Cache", "lib\src\Apexa.Lib.Cache\Apexa.Lib.Cache.csproj", "{2CC72322-A83B-4182-B70C-5B9D5972FE18}"
EndProject
Project("{9A19103F-16F7-4668-BE54-9A1E7A4F7556}") = "Apexa.Lib.Cache.UnitTests", "lib\tests\Apexa.Lib.Cache.UnitTests\Apexa.Lib.Cache.UnitTests.csproj", "{9D0D8EF5-3698-4407-AD4F-2688CF521205}"
EndProject
Project("{2150E333-8FDC-42A3-9474-1A3956D46DE8}") = "Infrastructure", "Infrastructure", "{FDF5D2A8-A5EE-4EE9-B68F-AE9768BADE23}"
EndProject
Project("{2150E333-8FDC-42A3-9474-1A3956D46DE8}") = "UI", "UI", "{218A07C0-8E80-4F6C-9C13-319627CFE0A5}"
EndProject
Project("{9A19103F-16F7-4668-BE54-9A1E7A4F7556}") = "Application.UnitTests", "tests\Application.UnitTests\Application.UnitTests.csproj", "{90D74E20-A965-459E-85D6-7408856023D4}"
EndProject
Global
	GlobalSection(SolutionConfigurationPlatforms) = preSolution
		Debug|Any CPU = Debug|Any CPU
		Release|Any CPU = Release|Any CPU
	EndGlobalSection
	GlobalSection(ProjectConfigurationPlatforms) = postSolution
		{E201DFAD-B3D7-4E5D-BBD2-34CBC507D8E6}.Debug|Any CPU.ActiveCfg = Debug|Any CPU
		{E201DFAD-B3D7-4E5D-BBD2-34CBC507D8E6}.Debug|Any CPU.Build.0 = Debug|Any CPU
		{E201DFAD-B3D7-4E5D-BBD2-34CBC507D8E6}.Release|Any CPU.ActiveCfg = Release|Any CPU
		{E201DFAD-B3D7-4E5D-BBD2-34CBC507D8E6}.Release|Any CPU.Build.0 = Release|Any CPU
		{57B07B02-2CC9-4863-8E75-089754E0A349}.Debug|Any CPU.ActiveCfg = Debug|Any CPU
		{57B07B02-2CC9-4863-8E75-089754E0A349}.Debug|Any CPU.Build.0 = Debug|Any CPU
		{57B07B02-2CC9-4863-8E75-089754E0A349}.Release|Any CPU.ActiveCfg = Release|Any CPU
		{57B07B02-2CC9-4863-8E75-089754E0A349}.Release|Any CPU.Build.0 = Release|Any CPU
		{827009BE-5C08-4D75-A678-FD007E7715E7}.Debug|Any CPU.ActiveCfg = Debug|Any CPU
		{827009BE-5C08-4D75-A678-FD007E7715E7}.Debug|Any CPU.Build.0 = Debug|Any CPU
		{827009BE-5C08-4D75-A678-FD007E7715E7}.Release|Any CPU.ActiveCfg = Release|Any CPU
		{827009BE-5C08-4D75-A678-FD007E7715E7}.Release|Any CPU.Build.0 = Release|Any CPU
		{70F63EB2-A5AE-4E53-A999-B35739F4FBD9}.Debug|Any CPU.ActiveCfg = Debug|Any CPU
		{70F63EB2-A5AE-4E53-A999-B35739F4FBD9}.Debug|Any CPU.Build.0 = Debug|Any CPU
		{70F63EB2-A5AE-4E53-A999-B35739F4FBD9}.Release|Any CPU.ActiveCfg = Release|Any CPU
		{70F63EB2-A5AE-4E53-A999-B35739F4FBD9}.Release|Any CPU.Build.0 = Release|Any CPU
		{F12B9A50-8C78-4366-AFAE-6A239A670837}.Debug|Any CPU.ActiveCfg = Debug|Any CPU
		{F12B9A50-8C78-4366-AFAE-6A239A670837}.Debug|Any CPU.Build.0 = Debug|Any CPU
		{F12B9A50-8C78-4366-AFAE-6A239A670837}.Release|Any CPU.ActiveCfg = Release|Any CPU
		{F12B9A50-8C78-4366-AFAE-6A239A670837}.Release|Any CPU.Build.0 = Release|Any CPU
		{2CC72322-A83B-4182-B70C-5B9D5972FE18}.Debug|Any CPU.ActiveCfg = Debug|Any CPU
		{2CC72322-A83B-4182-B70C-5B9D5972FE18}.Debug|Any CPU.Build.0 = Debug|Any CPU
		{2CC72322-A83B-4182-B70C-5B9D5972FE18}.Release|Any CPU.ActiveCfg = Release|Any CPU
		{2CC72322-A83B-4182-B70C-5B9D5972FE18}.Release|Any CPU.Build.0 = Release|Any CPU
		{9D0D8EF5-3698-4407-AD4F-2688CF521205}.Debug|Any CPU.ActiveCfg = Debug|Any CPU
		{9D0D8EF5-3698-4407-AD4F-2688CF521205}.Debug|Any CPU.Build.0 = Debug|Any CPU
		{9D0D8EF5-3698-4407-AD4F-2688CF521205}.Release|Any CPU.ActiveCfg = Release|Any CPU
		{9D0D8EF5-3698-4407-AD4F-2688CF521205}.Release|Any CPU.Build.0 = Release|Any CPU
		{90D74E20-A965-459E-85D6-7408856023D4}.Debug|Any CPU.ActiveCfg = Debug|Any CPU
		{90D74E20-A965-459E-85D6-7408856023D4}.Debug|Any CPU.Build.0 = Debug|Any CPU
		{90D74E20-A965-459E-85D6-7408856023D4}.Release|Any CPU.ActiveCfg = Release|Any CPU
		{90D74E20-A965-459E-85D6-7408856023D4}.Release|Any CPU.Build.0 = Release|Any CPU
	EndGlobalSection
	GlobalSection(SolutionProperties) = preSolution
		HideSolutionNode = FALSE
	EndGlobalSection
	GlobalSection(NestedProjects) = preSolution
		{E201DFAD-B3D7-4E5D-BBD2-34CBC507D8E6} = {FDF5D2A8-A5EE-4EE9-B68F-AE9768BADE23}
		{91F79687-C464-422B-A732-5C8DA4D7CBB4} = {3FC75CD5-8137-4BC2-AF6B-2AE8DE16D8B1}
		{6FB8E312-3B21-4F25-A0AA-22CBDC90B428} = {3FC75CD5-8137-4BC2-AF6B-2AE8DE16D8B1}
		{57B07B02-2CC9-4863-8E75-089754E0A349} = {91F79687-C464-422B-A732-5C8DA4D7CBB4}
		{827009BE-5C08-4D75-A678-FD007E7715E7} = {91F79687-C464-422B-A732-5C8DA4D7CBB4}
		{70F63EB2-A5AE-4E53-A999-B35739F4FBD9} = {6FB8E312-3B21-4F25-A0AA-22CBDC90B428}
		{F12B9A50-8C78-4366-AFAE-6A239A670837} = {6FB8E312-3B21-4F25-A0AA-22CBDC90B428}
		{07205C0E-4A25-4411-BED8-6D781873ACFD} = {C23A1373-6620-47D0-81C7-FD7D95CE31F8}
		{5661C2AD-A9E9-4708-B4DB-D1F780ED5144} = {C23A1373-6620-47D0-81C7-FD7D95CE31F8}
		{8C0D0117-4CA3-4167-8C0F-5F79F8345037} = {5068B48C-C71B-49CE-B540-3582F71F5D25}
		{182B1B49-924A-4222-9CFE-ED054E0EB46B} = {5068B48C-C71B-49CE-B540-3582F71F5D25}
		{2CC72322-A83B-4182-B70C-5B9D5972FE18} = {8C0D0117-4CA3-4167-8C0F-5F79F8345037}
		{9D0D8EF5-3698-4407-AD4F-2688CF521205} = {182B1B49-924A-4222-9CFE-ED054E0EB46B}
		{FDF5D2A8-A5EE-4EE9-B68F-AE9768BADE23} = {3FC75CD5-8137-4BC2-AF6B-2AE8DE16D8B1}
		{218A07C0-8E80-4F6C-9C13-319627CFE0A5} = {3FC75CD5-8137-4BC2-AF6B-2AE8DE16D8B1}
		{90D74E20-A965-459E-85D6-7408856023D4} = {5661C2AD-A9E9-4708-B4DB-D1F780ED5144}
	EndGlobalSection
	GlobalSection(ExtensibilityGlobals) = postSolution
		SolutionGuid = {2FE03AB1-4B5D-4447-82AE-C25D4E441583}
	EndGlobalSection
EndGlobal
